
Microsoft Visual Studio Solution File, Format Version 12.00
# Visual Studio Version 17
VisualStudioVersion = 17.10.34928.147
MinimumVisualStudioVersion = 10.0.40219.1
Project("{FAE04EC0-301F-11D3-BF4B-00C04F79EFBC}") = "UrnaEletronica.api", "UrnaEletronica.api.csproj", "{BE8F3D08-4D31-4E4E-8437-8931C9203C33}"
EndProject
Project("{FAE04EC0-301F-11D3-BF4B-00C04F79EFBC}") = "UrnaEletronica.Servico", "..\UrnaEletronica.Servico\UrnaEletronica.Servico.csproj", "{EAF8B9E4-922E-47BA-A61C-9810CE21A6C6}"
EndProject
Project("{FAE04EC0-301F-11D3-BF4B-00C04F79EFBC}") = "UrnaEletronica.Dominio", "..\UrnaEletronica.Dominio\UrnaEletronica.Dominio.csproj", "{439BC783-E777-47B4-9D83-F922CB27FA3A}"
EndProject
Project("{FAE04EC0-301F-11D3-BF4B-00C04F79EFBC}") = "UrnaEletronica.Persistencia", "..\UrnaEletronica.Persistencia\UrnaEletronica.Persistencia.csproj", "{88FB6860-E308-4EAE-9AB2-19204D2BC6D8}"
EndProject
Global
	GlobalSection(SolutionConfigurationPlatforms) = preSolution
		Debug|Any CPU = Debug|Any CPU
		Release|Any CPU = Release|Any CPU
	EndGlobalSection
	GlobalSection(ProjectConfigurationPlatforms) = postSolution
		{BE8F3D08-4D31-4E4E-8437-8931C9203C33}.Debug|Any CPU.ActiveCfg = Debug|Any CPU
		{BE8F3D08-4D31-4E4E-8437-8931C9203C33}.Debug|Any CPU.Build.0 = Debug|Any CPU
		{BE8F3D08-4D31-4E4E-8437-8931C9203C33}.Release|Any CPU.ActiveCfg = Release|Any CPU
		{BE8F3D08-4D31-4E4E-8437-8931C9203C33}.Release|Any CPU.Build.0 = Release|Any CPU
		{EAF8B9E4-922E-47BA-A61C-9810CE21A6C6}.Debug|Any CPU.ActiveCfg = Debug|Any CPU
		{EAF8B9E4-922E-47BA-A61C-9810CE21A6C6}.Debug|Any CPU.Build.0 = Debug|Any CPU
		{EAF8B9E4-922E-47BA-A61C-9810CE21A6C6}.Release|Any CPU.ActiveCfg = Release|Any CPU
		{EAF8B9E4-922E-47BA-A61C-9810CE21A6C6}.Release|Any CPU.Build.0 = Release|Any CPU
		{439BC783-E777-47B4-9D83-F922CB27FA3A}.Debug|Any CPU.ActiveCfg = Debug|Any CPU
		{439BC783-E777-47B4-9D83-F922CB27FA3A}.Debug|Any CPU.Build.0 = Debug|Any CPU
		{439BC783-E777-47B4-9D83-F922CB27FA3A}.Release|Any CPU.ActiveCfg = Release|Any CPU
		{439BC783-E777-47B4-9D83-F922CB27FA3A}.Release|Any CPU.Build.0 = Release|Any CPU
		{88FB6860-E308-4EAE-9AB2-19204D2BC6D8}.Debug|Any CPU.ActiveCfg = Debug|Any CPU
		{88FB6860-E308-4EAE-9AB2-19204D2BC6D8}.Debug|Any CPU.Build.0 = Debug|Any CPU
		{88FB6860-E308-4EAE-9AB2-19204D2BC6D8}.Release|Any CPU.ActiveCfg = Release|Any CPU
		{88FB6860-E308-4EAE-9AB2-19204D2BC6D8}.Release|Any CPU.Build.0 = Release|Any CPU
	EndGlobalSection
	GlobalSection(SolutionProperties) = preSolution
		HideSolutionNode = FALSE
	EndGlobalSection
	GlobalSection(ExtensibilityGlobals) = postSolution
		SolutionGuid = {8ED7F0AF-BE9F-4D85-AB66-3696D37B4A80}
	EndGlobalSection
EndGlobal
